
Microsoft Visual Studio Solution File, Format Version 12.00
# Visual Studio Version 16
VisualStudioVersion = 16.0.31702.278
MinimumVisualStudioVersion = 10.0.40219.1
Project("{FAE04EC0-301F-11D3-BF4B-00C04F79EFBC}") = "Metin Yazarı Belirleme", "Metin Yazarı Belirleme\Metin Yazarı Belirleme.csproj", "{3E0298E0-A587-471A-88C8-DDAB6AA1C71B}"
EndProject
Global
	GlobalSection(SolutionConfigurationPlatforms) = preSolution
		Debug|Any CPU = Debug|Any CPU
		Release|Any CPU = Release|Any CPU
	EndGlobalSection
	GlobalSection(ProjectConfigurationPlatforms) = postSolution
		{3E0298E0-A587-471A-88C8-DDAB6AA1C71B}.Debug|Any CPU.ActiveCfg = Debug|Any CPU
		{3E0298E0-A587-471A-88C8-DDAB6AA1C71B}.Debug|Any CPU.Build.0 = Debug|Any CPU
		{3E0298E0-A587-471A-88C8-DDAB6AA1C71B}.Release|Any CPU.ActiveCfg = Release|Any CPU
		{3E0298E0-A587-471A-88C8-DDAB6AA1C71B}.Release|Any CPU.Build.0 = Release|Any CPU
	EndGlobalSection
	GlobalSection(SolutionProperties) = preSolution
		HideSolutionNode = FALSE
	EndGlobalSection
	GlobalSection(ExtensibilityGlobals) = postSolution
		SolutionGuid = {EE54429B-E967-4467-9A15-FCBA74B27AF4}
	EndGlobalSection
EndGlobal
